// !$*UTF8*$!
{
	archiveVersion = 1;
	classes = {
	};
	objectVersion = 56;
	objects = {

/* Begin PBXBuildFile section */
		3EC0D7B42BF943D1006DF985 /* AppDelegate.swift in Sources */ = {isa = PBXBuildFile; fileRef = 3EC0D7B32BF943D1006DF985 /* AppDelegate.swift */; };
		3EC0D7B62BF943D1006DF985 /* SceneDelegate.swift in Sources */ = {isa = PBXBuildFile; fileRef = 3EC0D7B52BF943D1006DF985 /* SceneDelegate.swift */; };
		3EC0D7B82BF943D1006DF985 /* ViewController.swift in Sources */ = {isa = PBXBuildFile; fileRef = 3EC0D7B72BF943D1006DF985 /* ViewController.swift */; };
		3EC0D7BD2BF943D2006DF985 /* Assets.xcassets in Resources */ = {isa = PBXBuildFile; fileRef = 3EC0D7BC2BF943D2006DF985 /* Assets.xcassets */; };
		3EC0D7C02BF943D2006DF985 /* Base in Resources */ = {isa = PBXBuildFile; fileRef = 3EC0D7BF2BF943D2006DF985 /* Base */; };
		3EF7B2022BFA80D100F1466C /* PlacesTableViewController.swift in Sources */ = {isa = PBXBuildFile; fileRef = 3EF7B2012BFA80D100F1466C /* PlacesTableViewController.swift */; };
		3EF7B2052BFA83AB00F1466C /* PlaceAnnotation.swift in Sources */ = {isa = PBXBuildFile; fileRef = 3EF7B2042BFA83AB00F1466C /* PlaceAnnotation.swift */; };
		3EF7B2082BFA84B500F1466C /* CLLocation+Extensions.swift in Sources */ = {isa = PBXBuildFile; fileRef = 3EF7B2072BFA84B500F1466C /* CLLocation+Extensions.swift */; };
/* End PBXBuildFile section */

/* Begin PBXFileReference section */
		3EC0D7B02BF943D1006DF985 /* NearMeApp.app */ = {isa = PBXFileReference; explicitFileType = wrapper.application; includeInIndex = 0; path = NearMeApp.app; sourceTree = BUILT_PRODUCTS_DIR; };
		3EC0D7B32BF943D1006DF985 /* AppDelegate.swift */ = {isa = PBXFileReference; lastKnownFileType = sourcecode.swift; path = AppDelegate.swift; sourceTree = "<group>"; };
		3EC0D7B52BF943D1006DF985 /* SceneDelegate.swift */ = {isa = PBXFileReference; lastKnownFileType = sourcecode.swift; path = SceneDelegate.swift; sourceTree = "<group>"; };
		3EC0D7B72BF943D1006DF985 /* ViewController.swift */ = {isa = PBXFileReference; lastKnownFileType = sourcecode.swift; path = ViewController.swift; sourceTree = "<group>"; };
		3EC0D7BC2BF943D2006DF985 /* Assets.xcassets */ = {isa = PBXFileReference; lastKnownFileType = folder.assetcatalog; path = Assets.xcassets; sourceTree = "<group>"; };
		3EC0D7BF2BF943D2006DF985 /* Base */ = {isa = PBXFileReference; lastKnownFileType = file.storyboard; name = Base; path = Base.lproj/LaunchScreen.storyboard; sourceTree = "<group>"; };
		3EC0D7C12BF943D2006DF985 /* Info.plist */ = {isa = PBXFileReference; lastKnownFileType = text.plist.xml; path = Info.plist; sourceTree = "<group>"; };
		3EF7B2012BFA80D100F1466C /* PlacesTableViewController.swift */ = {isa = PBXFileReference; lastKnownFileType = sourcecode.swift; path = PlacesTableViewController.swift; sourceTree = "<group>"; };
		3EF7B2042BFA83AB00F1466C /* PlaceAnnotation.swift */ = {isa = PBXFileReference; lastKnownFileType = sourcecode.swift; path = PlaceAnnotation.swift; sourceTree = "<group>"; };
		3EF7B2072BFA84B500F1466C /* CLLocation+Extensions.swift */ = {isa = PBXFileReference; lastKnownFileType = sourcecode.swift; path = "CLLocation+Extensions.swift"; sourceTree = "<group>"; };
/* End PBXFileReference section */

/* Begin PBXFrameworksBuildPhase section */
		3EC0D7AD2BF943D1006DF985 /* Frameworks */ = {
			isa = PBXFrameworksBuildPhase;
			buildActionMask = 2147483647;
			files = (
			);
			runOnlyForDeploymentPostprocessing = 0;
		};
/* End PBXFrameworksBuildPhase section */

/* Begin PBXGroup section */
		3EC0D7A72BF943D1006DF985 = {
			isa = PBXGroup;
			children = (
				3EC0D7B22BF943D1006DF985 /* NearMeApp */,
				3EC0D7B12BF943D1006DF985 /* Products */,
			);
			sourceTree = "<group>";
		};
		3EC0D7B12BF943D1006DF985 /* Products */ = {
			isa = PBXGroup;
			children = (
				3EC0D7B02BF943D1006DF985 /* NearMeApp.app */,
			);
			name = Products;
			sourceTree = "<group>";
		};
		3EC0D7B22BF943D1006DF985 /* NearMeApp */ = {
			isa = PBXGroup;
			children = (
				3EF7B2062BFA84A000F1466C /* Extensions */,
				3EF7B2032BFA839600F1466C /* Annotations */,
				3EF7B2002BFA80BC00F1466C /* Controllers */,
				3EC0D7B32BF943D1006DF985 /* AppDelegate.swift */,
				3EC0D7B52BF943D1006DF985 /* SceneDelegate.swift */,
				3EC0D7BC2BF943D2006DF985 /* Assets.xcassets */,
				3EC0D7BE2BF943D2006DF985 /* LaunchScreen.storyboard */,
				3EC0D7C12BF943D2006DF985 /* Info.plist */,
			);
			path = NearMeApp;
			sourceTree = "<group>";
		};
		3EF7B2002BFA80BC00F1466C /* Controllers */ = {
			isa = PBXGroup;
			children = (
				3EC0D7B72BF943D1006DF985 /* ViewController.swift */,
				3EF7B2012BFA80D100F1466C /* PlacesTableViewController.swift */,
			);
			path = Controllers;
			sourceTree = "<group>";
		};
		3EF7B2032BFA839600F1466C /* Annotations */ = {
			isa = PBXGroup;
			children = (
				3EF7B2042BFA83AB00F1466C /* PlaceAnnotation.swift */,
			);
			path = Annotations;
			sourceTree = "<group>";
		};
		3EF7B2062BFA84A000F1466C /* Extensions */ = {
			isa = PBXGroup;
			children = (
				3EF7B2072BFA84B500F1466C /* CLLocation+Extensions.swift */,
			);
			path = Extensions;
			sourceTree = "<group>";
		};
/* End PBXGroup section */

/* Begin PBXNativeTarget section */
		3EC0D7AF2BF943D1006DF985 /* NearMeApp */ = {
			isa = PBXNativeTarget;
			buildConfigurationList = 3EC0D7C42BF943D2006DF985 /* Build configuration list for PBXNativeTarget "NearMeApp" */;
			buildPhases = (
				3EC0D7AC2BF943D1006DF985 /* Sources */,
				3EC0D7AD2BF943D1006DF985 /* Frameworks */,
				3EC0D7AE2BF943D1006DF985 /* Resources */,
			);
			buildRules = (
			);
			dependencies = (
			);
			name = NearMeApp;
			productName = NearMeApp;
			productReference = 3EC0D7B02BF943D1006DF985 /* NearMeApp.app */;
			productType = "com.apple.product-type.application";
		};
/* End PBXNativeTarget section */

/* Begin PBXProject section */
		3EC0D7A82BF943D1006DF985 /* Project object */ = {
			isa = PBXProject;
			attributes = {
				BuildIndependentTargetsInParallel = 1;
				LastSwiftUpdateCheck = 1530;
				LastUpgradeCheck = 1530;
				TargetAttributes = {
					3EC0D7AF2BF943D1006DF985 = {
						CreatedOnToolsVersion = 15.3;
					};
				};
			};
			buildConfigurationList = 3EC0D7AB2BF943D1006DF985 /* Build configuration list for PBXProject "NearMeApp" */;
			compatibilityVersion = "Xcode 14.0";
			developmentRegion = en;
			hasScannedForEncodings = 0;
			knownRegions = (
				en,
				Base,
			);
			mainGroup = 3EC0D7A72BF943D1006DF985;
			productRefGroup = 3EC0D7B12BF943D1006DF985 /* Products */;
			projectDirPath = "";
			projectRoot = "";
			targets = (
				3EC0D7AF2BF943D1006DF985 /* NearMeApp */,
			);
		};
/* End PBXProject section */

/* Begin PBXResourcesBuildPhase section */
		3EC0D7AE2BF943D1006DF985 /* Resources */ = {
			isa = PBXResourcesBuildPhase;
			buildActionMask = 2147483647;
			files = (
				3EC0D7BD2BF943D2006DF985 /* Assets.xcassets in Resources */,
				3EC0D7C02BF943D2006DF985 /* Base in Resources */,
			);
			runOnlyForDeploymentPostprocessing = 0;
		};
/* End PBXResourcesBuildPhase section */

/* Begin PBXSourcesBuildPhase section */
		3EC0D7AC2BF943D1006DF985 /* Sources */ = {
			isa = PBXSourcesBuildPhase;
			buildActionMask = 2147483647;
			files = (
				3EC0D7B82BF943D1006DF985 /* ViewController.swift in Sources */,
				3EF7B2082BFA84B500F1466C /* CLLocation+Extensions.swift in Sources */,
				3EF7B2022BFA80D100F1466C /* PlacesTableViewController.swift in Sources */,
				3EF7B2052BFA83AB00F1466C /* PlaceAnnotation.swift in Sources */,
				3EC0D7B42BF943D1006DF985 /* AppDelegate.swift in Sources */,
				3EC0D7B62BF943D1006DF985 /* SceneDelegate.swift in Sources */,
			);
			runOnlyForDeploymentPostprocessing = 0;
		};
/* End PBXSourcesBuildPhase section */

/* Begin PBXVariantGroup section */
		3EC0D7BE2BF943D2006DF985 /* LaunchScreen.storyboard */ = {
			isa = PBXVariantGroup;
			children = (
				3EC0D7BF2BF943D2006DF985 /* Base */,
			);
			name = LaunchScreen.storyboard;
			sourceTree = "<group>";
		};
/* End PBXVariantGroup section */

/* Begin XCBuildConfiguration section */
		3EC0D7C22BF943D2006DF985 /* Debug */ = {
			isa = XCBuildConfiguration;
			buildSettings = {
				ALWAYS_SEARCH_USER_PATHS = NO;
				ASSETCATALOG_COMPILER_GENERATE_SWIFT_ASSET_SYMBOL_EXTENSIONS = YES;
				CLANG_ANALYZER_NONNULL = YES;
				CLANG_ANALYZER_NUMBER_OBJECT_CONVERSION = YES_AGGRESSIVE;
				CLANG_CXX_LANGUAGE_STANDARD = "gnu++20";
				CLANG_ENABLE_MODULES = YES;
				CLANG_ENABLE_OBJC_ARC = YES;
				CLANG_ENABLE_OBJC_WEAK = YES;
				CLANG_WARN_BLOCK_CAPTURE_AUTORELEASING = YES;
				CLANG_WARN_BOOL_CONVERSION = YES;
				CLANG_WARN_COMMA = YES;
				CLANG_WARN_CONSTANT_CONVERSION = YES;
				CLANG_WARN_DEPRECATED_OBJC_IMPLEMENTATIONS = YES;
				CLANG_WARN_DIRECT_OBJC_ISA_USAGE = YES_ERROR;
				CLANG_WARN_DOCUMENTATION_COMMENTS = YES;
				CLANG_WARN_EMPTY_BODY = YES;
				CLANG_WARN_ENUM_CONVERSION = YES;
				CLANG_WARN_INFINITE_RECURSION = YES;
				CLANG_WARN_INT_CONVERSION = YES;
				CLANG_WARN_NON_LITERAL_NULL_CONVERSION = YES;
				CLANG_WARN_OBJC_IMPLICIT_RETAIN_SELF = YES;
				CLANG_WARN_OBJC_LITERAL_CONVERSION = YES;
				CLANG_WARN_OBJC_ROOT_CLASS = YES_ERROR;
				CLANG_WARN_QUOTED_INCLUDE_IN_FRAMEWORK_HEADER = YES;
				CLANG_WARN_RANGE_LOOP_ANALYSIS = YES;
				CLANG_WARN_STRICT_PROTOTYPES = YES;
				CLANG_WARN_SUSPICIOUS_MOVE = YES;
				CLANG_WARN_UNGUARDED_AVAILABILITY = YES_AGGRESSIVE;
				CLANG_WARN_UNREACHABLE_CODE = YES;
				CLANG_WARN__DUPLICATE_METHOD_MATCH = YES;
				COPY_PHASE_STRIP = NO;
				DEBUG_INFORMATION_FORMAT = dwarf;
				ENABLE_STRICT_OBJC_MSGSEND = YES;
				ENABLE_TESTABILITY = YES;
				ENABLE_USER_SCRIPT_SANDBOXING = YES;
				GCC_C_LANGUAGE_STANDARD = gnu17;
				GCC_DYNAMIC_NO_PIC = NO;
				GCC_NO_COMMON_BLOCKS = YES;
				GCC_OPTIMIZATION_LEVEL = 0;
				GCC_PREPROCESSOR_DEFINITIONS = (
					"DEBUG=1",
					"$(inherited)",
				);
				GCC_WARN_64_TO_32_BIT_CONVERSION = YES;
				GCC_WARN_ABOUT_RETURN_TYPE = YES_ERROR;
				GCC_WARN_UNDECLARED_SELECTOR = YES;
				GCC_WARN_UNINITIALIZED_AUTOS = YES_AGGRESSIVE;
				GCC_WARN_UNUSED_FUNCTION = YES;
				GCC_WARN_UNUSED_VARIABLE = YES;
				IPHONEOS_DEPLOYMENT_TARGET = 17.4;
				LOCALIZATION_PREFERS_STRING_CATALOGS = YES;
				MTL_ENABLE_DEBUG_INFO = INCLUDE_SOURCE;
				MTL_FAST_MATH = YES;
				ONLY_ACTIVE_ARCH = YES;
				SDKROOT = iphoneos;
				SWIFT_ACTIVE_COMPILATION_CONDITIONS = "DEBUG $(inherited)";
				SWIFT_OPTIMIZATION_LEVEL = "-Onone";
			};
			name = Debug;
		};
		3EC0D7C32BF943D2006DF985 /* Release */ = {
			isa = XCBuildConfiguration;
			buildSettings = {
				ALWAYS_SEARCH_USER_PATHS = NO;
				ASSETCATALOG_COMPILER_GENERATE_SWIFT_ASSET_SYMBOL_EXTENSIONS = YES;
				CLANG_ANALYZER_NONNULL = YES;
				CLANG_ANALYZER_NUMBER_OBJECT_CONVERSION = YES_AGGRESSIVE;
				CLANG_CXX_LANGUAGE_STANDARD = "gnu++20";
				CLANG_ENABLE_MODULES = YES;
				CLANG_ENABLE_OBJC_ARC = YES;
				CLANG_ENABLE_OBJC_WEAK = YES;
				CLANG_WARN_BLOCK_CAPTURE_AUTORELEASING = YES;
				CLANG_WARN_BOOL_CONVERSION = YES;
				CLANG_WARN_COMMA = YES;
				CLANG_WARN_CONSTANT_CONVERSION = YES;
				CLANG_WARN_DEPRECATED_OBJC_IMPLEMENTATIONS = YES;
				CLANG_WARN_DIRECT_OBJC_ISA_USAGE = YES_ERROR;
				CLANG_WARN_DOCUMENTATION_COMMENTS = YES;
				CLANG_WARN_EMPTY_BODY = YES;
				CLANG_WARN_ENUM_CONVERSION = YES;
				CLANG_WARN_INFINITE_RECURSION = YES;
				CLANG_WARN_INT_CONVERSION = YES;
				CLANG_WARN_NON_LITERAL_NULL_CONVERSION = YES;
				CLANG_WARN_OBJC_IMPLICIT_RETAIN_SELF = YES;
				CLANG_WARN_OBJC_LITERAL_CONVERSION = YES;
				CLANG_WARN_OBJC_ROOT_CLASS = YES_ERROR;
				CLANG_WARN_QUOTED_INCLUDE_IN_FRAMEWORK_HEADER = YES;
				CLANG_WARN_RANGE_LOOP_ANALYSIS = YES;
				CLANG_WARN_STRICT_PROTOTYPES = YES;
				CLANG_WARN_SUSPICIOUS_MOVE = YES;
				CLANG_WARN_UNGUARDED_AVAILABILITY = YES_AGGRESSIVE;
				CLANG_WARN_UNREACHABLE_CODE = YES;
				CLANG_WARN__DUPLICATE_METHOD_MATCH = YES;
				COPY_PHASE_STRIP = NO;
				DEBUG_INFORMATION_FORMAT = "dwarf-with-dsym";
				ENABLE_NS_ASSERTIONS = NO;
				ENABLE_STRICT_OBJC_MSGSEND = YES;
				ENABLE_USER_SCRIPT_SANDBOXING = YES;
				GCC_C_LANGUAGE_STANDARD = gnu17;
				GCC_NO_COMMON_BLOCKS = YES;
				GCC_WARN_64_TO_32_BIT_CONVERSION = YES;
				GCC_WARN_ABOUT_RETURN_TYPE = YES_ERROR;
				GCC_WARN_UNDECLARED_SELECTOR = YES;
				GCC_WARN_UNINITIALIZED_AUTOS = YES_AGGRESSIVE;
				GCC_WARN_UNUSED_FUNCTION = YES;
				GCC_WARN_UNUSED_VARIABLE = YES;
				IPHONEOS_DEPLOYMENT_TARGET = 17.4;
				LOCALIZATION_PREFERS_STRING_CATALOGS = YES;
				MTL_ENABLE_DEBUG_INFO = NO;
				MTL_FAST_MATH = YES;
				SDKROOT = iphoneos;
				SWIFT_COMPILATION_MODE = wholemodule;
				VALIDATE_PRODUCT = YES;
			};
			name = Release;
		};
		3EC0D7C52BF943D2006DF985 /* Debug */ = {
			isa = XCBuildConfiguration;
			buildSettings = {
				ASSETCATALOG_COMPILER_APPICON_NAME = AppIcon;
				ASSETCATALOG_COMPILER_GLOBAL_ACCENT_COLOR_NAME = AccentColor;
				CODE_SIGN_STYLE = Automatic;
				CURRENT_PROJECT_VERSION = 1;
				GENERATE_INFOPLIST_FILE = YES;
				INFOPLIST_FILE = NearMeApp/Info.plist;
				INFOPLIST_KEY_NSLocationAlwaysAndWhenInUseUsageDescription = "NearMe requires location so it can offer nearby points of interests.";
				INFOPLIST_KEY_NSLocationWhenInUseUsageDescription = "NearMe requires location so it can offer nearby points of interests.";
				INFOPLIST_KEY_UIApplicationSupportsIndirectInputEvents = YES;
				INFOPLIST_KEY_UILaunchStoryboardName = LaunchScreen;
				INFOPLIST_KEY_UISupportedInterfaceOrientations_iPad = "UIInterfaceOrientationPortrait UIInterfaceOrientationPortraitUpsideDown UIInterfaceOrientationLandscapeLeft UIInterfaceOrientationLandscapeRight";
				INFOPLIST_KEY_UISupportedInterfaceOrientations_iPhone = "UIInterfaceOrientationPortrait UIInterfaceOrientationLandscapeLeft UIInterfaceOrientationLandscapeRight";
				LD_RUNPATH_SEARCH_PATHS = (
					"$(inherited)",
					"@executable_path/Frameworks",
				);
				MARKETING_VERSION = 1.0;
				PRODUCT_BUNDLE_IDENTIFIER = com.nicholasStamoulis.NearMeApp;
				PRODUCT_NAME = "$(TARGET_NAME)";
				SWIFT_EMIT_LOC_STRINGS = YES;
				SWIFT_VERSION = 5.0;
				TARGETED_DEVICE_FAMILY = "1,2";
			};
			name = Debug;
		};
		3EC0D7C62BF943D2006DF985 /* Release */ = {
			isa = XCBuildConfiguration;
			buildSettings = {
				ASSETCATALOG_COMPILER_APPICON_NAME = AppIcon;
				ASSETCATALOG_COMPILER_GLOBAL_ACCENT_COLOR_NAME = AccentColor;
				CODE_SIGN_STYLE = Automatic;
				CURRENT_PROJECT_VERSION = 1;
				GENERATE_INFOPLIST_FILE = YES;
				INFOPLIST_FILE = NearMeApp/Info.plist;
				INFOPLIST_KEY_NSLocationAlwaysAndWhenInUseUsageDescription = "NearMe requires location so it can offer nearby points of interests.";
				INFOPLIST_KEY_NSLocationWhenInUseUsageDescription = "NearMe requires location so it can offer nearby points of interests.";
				INFOPLIST_KEY_UIApplicationSupportsIndirectInputEvents = YES;
				INFOPLIST_KEY_UILaunchStoryboardName = LaunchScreen;
				INFOPLIST_KEY_UISupportedInterfaceOrientations_iPad = "UIInterfaceOrientationPortrait UIInterfaceOrientationPortraitUpsideDown UIInterfaceOrientationLandscapeLeft UIInterfaceOrientationLandscapeRight";
				INFOPLIST_KEY_UISupportedInterfaceOrientations_iPhone = "UIInterfaceOrientationPortrait UIInterfaceOrientationLandscapeLeft UIInterfaceOrientationLandscapeRight";
				LD_RUNPATH_SEARCH_PATHS = (
					"$(inherited)",
					"@executable_path/Frameworks",
				);
				MARKETING_VERSION = 1.0;
				PRODUCT_BUNDLE_IDENTIFIER = com.nicholasStamoulis.NearMeApp;
				PRODUCT_NAME = "$(TARGET_NAME)";
				SWIFT_EMIT_LOC_STRINGS = YES;
				SWIFT_VERSION = 5.0;
				TARGETED_DEVICE_FAMILY = "1,2";
			};
			name = Release;
		};
/* End XCBuildConfiguration section */

/* Begin XCConfigurationList section */
		3EC0D7AB2BF943D1006DF985 /* Build configuration list for PBXProject "NearMeApp" */ = {
			isa = XCConfigurationList;
			buildConfigurations = (
				3EC0D7C22BF943D2006DF985 /* Debug */,
				3EC0D7C32BF943D2006DF985 /* Release */,
			);
			defaultConfigurationIsVisible = 0;
			defaultConfigurationName = Release;
		};
		3EC0D7C42BF943D2006DF985 /* Build configuration list for PBXNativeTarget "NearMeApp" */ = {
			isa = XCConfigurationList;
			buildConfigurations = (
				3EC0D7C52BF943D2006DF985 /* Debug */,
				3EC0D7C62BF943D2006DF985 /* Release */,
			);
			defaultConfigurationIsVisible = 0;
			defaultConfigurationName = Release;
		};
/* End XCConfigurationList section */
	};
	rootObject = 3EC0D7A82BF943D1006DF985 /* Project object */;
}
